
Microsoft Visual Studio Solution File, Format Version 12.00
# Visual Studio Version 17
VisualStudioVersion = 17.1.31911.260
MinimumVisualStudioVersion = 10.0.40219.1
Project("{9A19103F-16F7-4668-BE54-9A1E7A4F7556}") = "OData.Neo.Core", "OData.Neo.Core\OData.Neo.Core.csproj", "{973EEA5A-AAD3-4B13-961D-CC8F6AC79DA8}"
EndProject
Project("{9A19103F-16F7-4668-BE54-9A1E7A4F7556}") = "OData.Neo.Core.Tests.Unit", "OData.Neo.Core.Tests.Unit\OData.Neo.Core.Tests.Unit.csproj", "{B5E75413-EBED-4C65-907B-A66C88ED7C43}"
EndProject
Project("{FAE04EC0-301F-11D3-BF4B-00C04F79EFBC}") = "OData.Neo.Core.Infrastructure.Build", "OData.Neo.Core.Infrastructure.Build\OData.Neo.Core.Infrastructure.Build.csproj", "{842AC964-082A-4F8B-9B71-CBA8C055186D}"
EndProject
Global
	GlobalSection(SolutionConfigurationPlatforms) = preSolution
		Debug|Any CPU = Debug|Any CPU
		Release|Any CPU = Release|Any CPU
	EndGlobalSection
	GlobalSection(ProjectConfigurationPlatforms) = postSolution
		{973EEA5A-AAD3-4B13-961D-CC8F6AC79DA8}.Debug|Any CPU.ActiveCfg = Debug|Any CPU
		{973EEA5A-AAD3-4B13-961D-CC8F6AC79DA8}.Debug|Any CPU.Build.0 = Debug|Any CPU
		{973EEA5A-AAD3-4B13-961D-CC8F6AC79DA8}.Release|Any CPU.ActiveCfg = Release|Any CPU
		{973EEA5A-AAD3-4B13-961D-CC8F6AC79DA8}.Release|Any CPU.Build.0 = Release|Any CPU
		{B5E75413-EBED-4C65-907B-A66C88ED7C43}.Debug|Any CPU.ActiveCfg = Debug|Any CPU
		{B5E75413-EBED-4C65-907B-A66C88ED7C43}.Debug|Any CPU.Build.0 = Debug|Any CPU
		{B5E75413-EBED-4C65-907B-A66C88ED7C43}.Release|Any CPU.ActiveCfg = Release|Any CPU
		{B5E75413-EBED-4C65-907B-A66C88ED7C43}.Release|Any CPU.Build.0 = Release|Any CPU
		{842AC964-082A-4F8B-9B71-CBA8C055186D}.Debug|Any CPU.ActiveCfg = Debug|Any CPU
		{842AC964-082A-4F8B-9B71-CBA8C055186D}.Debug|Any CPU.Build.0 = Debug|Any CPU
		{842AC964-082A-4F8B-9B71-CBA8C055186D}.Release|Any CPU.ActiveCfg = Release|Any CPU
		{842AC964-082A-4F8B-9B71-CBA8C055186D}.Release|Any CPU.Build.0 = Release|Any CPU
	EndGlobalSection
	GlobalSection(SolutionProperties) = preSolution
		HideSolutionNode = FALSE
	EndGlobalSection
	GlobalSection(ExtensibilityGlobals) = postSolution
		SolutionGuid = {23C6A5B7-E356-4759-A442-96F6DAD1FD16}
	EndGlobalSection
EndGlobal
